{
  "name": "yakety-yak",
  "version": "0.0.0",
  "lockfileVersion": 2,
  "requires": true,
  "packages": {
    "": {
      "name": "yakety-yak",
      "version": "0.0.0",
      "license": "ISC",
      "workspaces": [
        "packages\\desktop-app",
        "packages\\web-app",
        "packages\\core-logic",
        "packages\\ui-library",
        "packages\\data-layer"
      ],
      "dependencies": {
        "@yakety-yak/core-logic": "^1.0.0",
        "@yakety-yak/data-layer": "^1.0.0",
        "@yakety-yak/desktop-app": "^1.0.0",
        "@yakety-yak/ui-library": "^1.0.0",
        "@yakety-yak/web-app": "^1.0.0"
      },
      "devDependencies": {
        "typescript": "^4.8.4"
      }
    },
    "node_modules/@yakety-yak/core-logic": {
      "resolved": "packages/core-logic",
      "link": true
    },
    "node_modules/@yakety-yak/data-layer": {
      "resolved": "packages/data-layer",
      "link": true
    },
    "node_modules/@yakety-yak/desktop-app": {
      "resolved": "packages/desktop-app",
      "link": true
    },
    "node_modules/@yakety-yak/ui-library": {
      "resolved": "packages/ui-library",
      "link": true
    },
    "node_modules/@yakety-yak/web-app": {
      "resolved": "packages/web-app",
      "link": true
    },
    "node_modules/typescript": {
      "version": "4.8.4",
      "resolved": "https://registry.npmjs.org/typescript/-/typescript-4.8.4.tgz",
      "integrity": "sha512-QCh+85mCy+h0IGff8r5XWzOVSbBO+KfeYrMQh7NJ58QujwcE22u+NUSmUxqF+un70P9GXKxa2HCNiTTMJknyjQ==",
      "dev": true,
      "bin": {
        "tsc": "bin/tsc",
        "tsserver": "bin/tsserver"
      },
      "engines": {
        "node": ">=4.2.0"
      }
    },
    "packages/core-logic": {
      "name": "@yakety-yak/core-logic",
      "version": "1.0.0",
      "license": "ISC",
      "devDependencies": {}
    },
    "packages/data-layer": {
      "name": "@yakety-yak/data-layer",
      "version": "1.0.0",
      "license": "ISC",
      "devDependencies": {}
    },
    "packages/desktop-app": {
      "name": "@yakety-yak/desktop-app",
      "version": "1.0.0",
      "license": "ISC"
    },
    "packages/ui-library": {
      "name": "@yakety-yak/ui-library",
      "version": "1.0.0",
      "license": "ISC",
      "devDependencies": {}
    },
    "packages/web-app": {
      "name": "@yakety-yak/web-app",
      "version": "1.0.0",
      "license": "ISC",
      "devDependencies": {}
    }
  },
  "dependencies": {
    "@yakety-yak/core-logic": {
      "version": "file:packages/core-logic"
    },
    "@yakety-yak/data-layer": {
      "version": "file:packages/data-layer"
    },
    "@yakety-yak/desktop-app": {
      "version": "file:packages/desktop-app"
    },
    "@yakety-yak/ui-library": {
      "version": "file:packages/ui-library"
    },
    "@yakety-yak/web-app": {
      "version": "file:packages/web-app"
    },
    "typescript": {
      "version": "4.8.4",
      "resolved": "https://registry.npmjs.org/typescript/-/typescript-4.8.4.tgz",
      "integrity": "sha512-QCh+85mCy+h0IGff8r5XWzOVSbBO+KfeYrMQh7NJ58QujwcE22u+NUSmUxqF+un70P9GXKxa2HCNiTTMJknyjQ==",
      "dev": true
    }
  }
}
